
Microsoft Visual Studio Solution File, Format Version 12.00
# Visual Studio Version 16
VisualStudioVersion = 16.0.32413.511
MinimumVisualStudioVersion = 10.0.40219.1
Project("{FAE04EC0-301F-11D3-BF4B-00C04F79EFBC}") = "Proyecto_Escaparate_Camisetas", "Proyecto_Escaparate_Camisetas\Proyecto_Escaparate_Camisetas.csproj", "{C99CF889-B5E6-495D-9A89-30F1A992AF6A}"
EndProject
Global
	GlobalSection(SolutionConfigurationPlatforms) = preSolution
		Debug|Any CPU = Debug|Any CPU
		Release|Any CPU = Release|Any CPU
	EndGlobalSection
	GlobalSection(ProjectConfigurationPlatforms) = postSolution
		{C99CF889-B5E6-495D-9A89-30F1A992AF6A}.Debug|Any CPU.ActiveCfg = Debug|Any CPU
		{C99CF889-B5E6-495D-9A89-30F1A992AF6A}.Debug|Any CPU.Build.0 = Debug|Any CPU
		{C99CF889-B5E6-495D-9A89-30F1A992AF6A}.Release|Any CPU.ActiveCfg = Release|Any CPU
		{C99CF889-B5E6-495D-9A89-30F1A992AF6A}.Release|Any CPU.Build.0 = Release|Any CPU
	EndGlobalSection
	GlobalSection(SolutionProperties) = preSolution
		HideSolutionNode = FALSE
	EndGlobalSection
	GlobalSection(ExtensibilityGlobals) = postSolution
		SolutionGuid = {33C14117-0BCE-4159-A087-A20EC71EE52A}
	EndGlobalSection
EndGlobal
